
Microsoft Visual Studio Solution File, Format Version 12.00
# Visual Studio Version 17
VisualStudioVersion = 17.14.36401.2 d17.14
MinimumVisualStudioVersion = 10.0.40219.1
Project("{FAE04EC0-301F-11D3-BF4B-00C04F79EFBC}") = "FrageFejden-api", "FrageFejden-api\FrageFejden-api.csproj", "{CFBA5BCA-4B1C-4280-BAE6-32A6FB82E97B}"
EndProject
Global
	GlobalSection(SolutionConfigurationPlatforms) = preSolution
		Debug|Any CPU = Debug|Any CPU
		Release|Any CPU = Release|Any CPU
	EndGlobalSection
	GlobalSection(ProjectConfigurationPlatforms) = postSolution
		{CFBA5BCA-4B1C-4280-BAE6-32A6FB82E97B}.Debug|Any CPU.ActiveCfg = Debug|Any CPU
		{CFBA5BCA-4B1C-4280-BAE6-32A6FB82E97B}.Debug|Any CPU.Build.0 = Debug|Any CPU
		{CFBA5BCA-4B1C-4280-BAE6-32A6FB82E97B}.Release|Any CPU.ActiveCfg = Release|Any CPU
		{CFBA5BCA-4B1C-4280-BAE6-32A6FB82E97B}.Release|Any CPU.Build.0 = Release|Any CPU
	EndGlobalSection
	GlobalSection(SolutionProperties) = preSolution
		HideSolutionNode = FALSE
	EndGlobalSection
	GlobalSection(ExtensibilityGlobals) = postSolution
		SolutionGuid = {831FA6C0-9B09-4BA0-962D-5DDAAAD4E973}
	EndGlobalSection
EndGlobal
