Microsoft Visual Studio Solution File, Format Version 12.00
# Visual Studio Version 17
VisualStudioVersion = 17.5.2.0
MinimumVisualStudioVersion = 10.0.40219.1
Project("{FAE04EC0-301F-11D3-BF4B-00C04F79EFBC}") = "FrageFejden-api", "FrageFejden-api.csproj", "{F6873C6A-8D03-D704-312D-5453FA9930E2}"
EndProject
Global
	GlobalSection(SolutionConfigurationPlatforms) = preSolution
		Debug|Any CPU = Debug|Any CPU
		Release|Any CPU = Release|Any CPU
	EndGlobalSection
	GlobalSection(ProjectConfigurationPlatforms) = postSolution
		{F6873C6A-8D03-D704-312D-5453FA9930E2}.Debug|Any CPU.ActiveCfg = Debug|Any CPU
		{F6873C6A-8D03-D704-312D-5453FA9930E2}.Debug|Any CPU.Build.0 = Debug|Any CPU
		{F6873C6A-8D03-D704-312D-5453FA9930E2}.Release|Any CPU.ActiveCfg = Release|Any CPU
		{F6873C6A-8D03-D704-312D-5453FA9930E2}.Release|Any CPU.Build.0 = Release|Any CPU
	EndGlobalSection
	GlobalSection(SolutionProperties) = preSolution
		HideSolutionNode = FALSE
	EndGlobalSection
	GlobalSection(ExtensibilityGlobals) = postSolution
		SolutionGuid = {D07E5050-2D28-4C50-AC06-63537B2527B3}
	EndGlobalSection
EndGlobal
